version = 1
requires-python = ">=3.9"
resolution-markers = [
    "python_full_version < '3.10' and platform_machine == 'arm64' and platform_system == 'Darwin'",
    "python_full_version < '3.10' and platform_machine == 'aarch64' and platform_system == 'Linux'",
    "(python_full_version < '3.10' and platform_machine != 'aarch64' and platform_machine != 'arm64') or (python_full_version < '3.10' and platform_machine == 'aarch64' and platform_system != 'Linux') or (python_full_version < '3.10' and platform_machine == 'arm64' and platform_system != 'Darwin')",
    "python_full_version == '3.10.*' and platform_system == 'Darwin'",
    "python_full_version == '3.10.*' and platform_machine == 'aarch64' and platform_system == 'Linux'",
    "(python_full_version == '3.10.*' and platform_machine != 'aarch64' and platform_system != 'Darwin') or (python_full_version == '3.10.*' and platform_system != 'Darwin' and platform_system != 'Linux')",
    "python_full_version == '3.11.*' and platform_system == 'Darwin'",
    "python_full_version == '3.11.*' and platform_machine == 'aarch64' and platform_system == 'Linux'",
    "(python_full_version == '3.11.*' and platform_machine != 'aarch64' and platform_system != 'Darwin') or (python_full_version == '3.11.*' and platform_system != 'Darwin' and platform_system != 'Linux')",
    "python_full_version >= '3.12' and platform_system == 'Darwin'",
    "python_full_version >= '3.12' and platform_machine == 'aarch64' and platform_system == 'Linux'",
    "(python_full_version >= '3.12' and platform_machine != 'aarch64' and platform_system != 'Darwin') or (python_full_version >= '3.12' and platform_system != 'Darwin' and platform_system != 'Linux')",
]

[[package]]
name = "pypdf2"
version = "1.26.0"
source = { registry = "https://pypi.org/simple" }
sdist = { url = "https://files.pythonhosted.org/packages/b4/01/68fcc0d43daf4c6bdbc6b33cc3f77bda531c86b174cac56ef0ffdb96faab/PyPDF2-1.26.0.tar.gz", hash = "sha256:e28f902f2f0a1603ea95ebe21dff311ef09be3d0f0ef29a3e44a932729564385", size = 77556 }

[[package]]
name = "table-ocr"
version = "0.1.0"
source = { virtual = "." }
dependencies = [
    { name = "pypdf2" },
]

[package.metadata]
requires-dist = [{ name = "pypdf2", specifier = "==1.26.0" }]
